// !$*UTF8*$!
{
	archiveVersion = 1;
	classes = {
	};
	objectVersion = 48;
	objects = {

/* Begin PBXBuildFile section */
		204F3AD61FEB56CD004D392A /* AppDelegate.swift in Sources */ = {isa = PBXBuildFile; fileRef = 204F3AD51FEB56CD004D392A /* AppDelegate.swift */; };
		204F3ADD1FEB56CD004D392A /* Assets.xcassets in Resources */ = {isa = PBXBuildFile; fileRef = 204F3ADC1FEB56CD004D392A /* Assets.xcassets */; };
		204F3AEB1FEB56CD004D392A /* iTestTests.swift in Sources */ = {isa = PBXBuildFile; fileRef = 204F3AEA1FEB56CD004D392A /* iTestTests.swift */; };
		204F3AF61FEB56CD004D392A /* iTestUITests.swift in Sources */ = {isa = PBXBuildFile; fileRef = 204F3AF51FEB56CD004D392A /* iTestUITests.swift */; };
		204F3B381FEB5D5A004D392A /* BaseController.swift in Sources */ = {isa = PBXBuildFile; fileRef = 204F3B371FEB5D5A004D392A /* BaseController.swift */; };
		204F3B3C1FEB5E7B004D392A /* HomeViewController.swift in Sources */ = {isa = PBXBuildFile; fileRef = 204F3B3B1FEB5E7B004D392A /* HomeViewController.swift */; };
		204F3B4F1FEB6FE4004D392A /* DetailController.swift in Sources */ = {isa = PBXBuildFile; fileRef = 204F3B4E1FEB6FE4004D392A /* DetailController.swift */; };
		204F3B5E1FEB97FB004D392A /* Localizable.strings in Resources */ = {isa = PBXBuildFile; fileRef = 204F3B5C1FEB97FB004D392A /* Localizable.strings */; };
		204F3B651FEB9DB6004D392A /* HomeView.xib in Resources */ = {isa = PBXBuildFile; fileRef = 204F3B681FEB9DB6004D392A /* HomeView.xib */; };
		204F3B721FEBA20C004D392A /* DetailView.xib in Resources */ = {isa = PBXBuildFile; fileRef = 204F3B751FEBA20C004D392A /* DetailView.xib */; };
		204F3B7D1FEBB38D004D392A /* MainInfo.plist in Resources */ = {isa = PBXBuildFile; fileRef = 204F3AE11FEB56CD004D392A /* MainInfo.plist */; };
		20BFC4011FECA14E009303AB /* Alamofire.framework in Frameworks */ = {isa = PBXBuildFile; fileRef = 20BFC4021FECA14E009303AB /* Alamofire.framework */; };
		20BFC4031FECA158009303AB /* Alamofire.framework in Frameworks */ = {isa = PBXBuildFile; fileRef = 20BFC4041FECA158009303AB /* Alamofire.framework */; };
		20BFC4071FECB6B3009303AB /* NetworkHelper.swift in Sources */ = {isa = PBXBuildFile; fileRef = 20BFC4061FECB6B3009303AB /* NetworkHelper.swift */; };
		20BFC4081FECB6B3009303AB /* NetworkHelper.swift in Sources */ = {isa = PBXBuildFile; fileRef = 20BFC4061FECB6B3009303AB /* NetworkHelper.swift */; };
		20BFC40F1FECE393009303AB /* BaseRequest.swift in Sources */ = {isa = PBXBuildFile; fileRef = 20BFC40E1FECE393009303AB /* BaseRequest.swift */; };
		20BFC4101FECE393009303AB /* BaseRequest.swift in Sources */ = {isa = PBXBuildFile; fileRef = 20BFC40E1FECE393009303AB /* BaseRequest.swift */; };
		20BFC4121FECE42B009303AB /* BaseResponse.swift in Sources */ = {isa = PBXBuildFile; fileRef = 20BFC4111FECE42B009303AB /* BaseResponse.swift */; };
		20BFC4131FECE42B009303AB /* BaseResponse.swift in Sources */ = {isa = PBXBuildFile; fileRef = 20BFC4111FECE42B009303AB /* BaseResponse.swift */; };
		20BFC4151FECE7F3009303AB /* MovieResponse.swift in Sources */ = {isa = PBXBuildFile; fileRef = 20BFC4141FECE7F3009303AB /* MovieResponse.swift */; };
		20BFC4161FECE7F3009303AB /* MovieResponse.swift in Sources */ = {isa = PBXBuildFile; fileRef = 20BFC4141FECE7F3009303AB /* MovieResponse.swift */; };
		20BFC4181FECE901009303AB /* Utils.swift in Sources */ = {isa = PBXBuildFile; fileRef = 20BFC4171FECE901009303AB /* Utils.swift */; };
		20BFC4191FECE901009303AB /* Utils.swift in Sources */ = {isa = PBXBuildFile; fileRef = 20BFC4171FECE901009303AB /* Utils.swift */; };
		20BFC41C1FECF303009303AB /* Constant.swift in Sources */ = {isa = PBXBuildFile; fileRef = 20BFC41B1FECF303009303AB /* Constant.swift */; };
		20BFC41D1FECF303009303AB /* Constant.swift in Sources */ = {isa = PBXBuildFile; fileRef = 20BFC41B1FECF303009303AB /* Constant.swift */; };
		20BFC4211FECFF5C009303AB /* MovieInfoDAO.swift in Sources */ = {isa = PBXBuildFile; fileRef = 20BFC4201FECFF5C009303AB /* MovieInfoDAO.swift */; };
		20BFC4221FECFF5C009303AB /* MovieInfoDAO.swift in Sources */ = {isa = PBXBuildFile; fileRef = 20BFC4201FECFF5C009303AB /* MovieInfoDAO.swift */; };
		20BFC4241FED0032009303AB /* BaseDAO.swift in Sources */ = {isa = PBXBuildFile; fileRef = 20BFC4231FED0032009303AB /* BaseDAO.swift */; };
		20BFC4251FED0032009303AB /* BaseDAO.swift in Sources */ = {isa = PBXBuildFile; fileRef = 20BFC4231FED0032009303AB /* BaseDAO.swift */; };
		20D910281FEBC3B200D90EC6 /* DetailController.swift in Sources */ = {isa = PBXBuildFile; fileRef = 204F3B4E1FEB6FE4004D392A /* DetailController.swift */; };
		20D910291FEBC3B200D90EC6 /* BaseController.swift in Sources */ = {isa = PBXBuildFile; fileRef = 204F3B371FEB5D5A004D392A /* BaseController.swift */; };
		20D9102A1FEBC3B200D90EC6 /* AppDelegate.swift in Sources */ = {isa = PBXBuildFile; fileRef = 204F3AD51FEB56CD004D392A /* AppDelegate.swift */; };
		20D9102B1FEBC3B200D90EC6 /* HomeViewController.swift in Sources */ = {isa = PBXBuildFile; fileRef = 204F3B3B1FEB5E7B004D392A /* HomeViewController.swift */; };
		20D9102E1FEBC3B200D90EC6 /* Localizable.strings in Resources */ = {isa = PBXBuildFile; fileRef = 204F3B5C1FEB97FB004D392A /* Localizable.strings */; };
		20D9102F1FEBC3B200D90EC6 /* DetailView.xib in Resources */ = {isa = PBXBuildFile; fileRef = 204F3B751FEBA20C004D392A /* DetailView.xib */; };
		20D910301FEBC3B200D90EC6 /* Assets.xcassets in Resources */ = {isa = PBXBuildFile; fileRef = 204F3ADC1FEB56CD004D392A /* Assets.xcassets */; };
		20D910311FEBC3B200D90EC6 /* MainInfo.plist in Resources */ = {isa = PBXBuildFile; fileRef = 204F3AE11FEB56CD004D392A /* MainInfo.plist */; };
		20D910321FEBC3B200D90EC6 /* HomeView.xib in Resources */ = {isa = PBXBuildFile; fileRef = 204F3B681FEB9DB6004D392A /* HomeView.xib */; };
		DE08CAAEE68A4712290FBCC2 /* Pods_iTestDebug.framework in Frameworks */ = {isa = PBXBuildFile; fileRef = 130E564EE5595366264453F0 /* Pods_iTestDebug.framework */; };
		E1503C5D5CEDDCB0975283B7 /* Pods_iTest.framework in Frameworks */ = {isa = PBXBuildFile; fileRef = 2AAB41DBDE39697FCBD0861E /* Pods_iTest.framework */; };
/* End PBXBuildFile section */

/* Begin PBXContainerItemProxy section */
		204F3AE71FEB56CD004D392A /* PBXContainerItemProxy */ = {
			isa = PBXContainerItemProxy;
			containerPortal = 204F3ACA1FEB56CD004D392A /* Project object */;
			proxyType = 1;
			remoteGlobalIDString = 204F3AD11FEB56CD004D392A;
			remoteInfo = iTest;
		};
		204F3AF21FEB56CD004D392A /* PBXContainerItemProxy */ = {
			isa = PBXContainerItemProxy;
			containerPortal = 204F3ACA1FEB56CD004D392A /* Project object */;
			proxyType = 1;
			remoteGlobalIDString = 204F3AD11FEB56CD004D392A;
			remoteInfo = iTest;
		};
/* End PBXContainerItemProxy section */

/* Begin PBXFileReference section */
		0C38EC41E8AEFE1CC9322E67 /* Pods-iTest.release.xcconfig */ = {isa = PBXFileReference; includeInIndex = 1; lastKnownFileType = text.xcconfig; name = "Pods-iTest.release.xcconfig"; path = "Pods/Target Support Files/Pods-iTest/Pods-iTest.release.xcconfig"; sourceTree = "<group>"; };
		130E564EE5595366264453F0 /* Pods_iTestDebug.framework */ = {isa = PBXFileReference; explicitFileType = wrapper.framework; includeInIndex = 0; path = Pods_iTestDebug.framework; sourceTree = BUILT_PRODUCTS_DIR; };
		204F3AD21FEB56CD004D392A /* iTest.app */ = {isa = PBXFileReference; explicitFileType = wrapper.application; includeInIndex = 0; path = iTest.app; sourceTree = BUILT_PRODUCTS_DIR; };
		204F3AD51FEB56CD004D392A /* AppDelegate.swift */ = {isa = PBXFileReference; lastKnownFileType = sourcecode.swift; path = AppDelegate.swift; sourceTree = "<group>"; };
		204F3ADC1FEB56CD004D392A /* Assets.xcassets */ = {isa = PBXFileReference; lastKnownFileType = folder.assetcatalog; path = Assets.xcassets; sourceTree = "<group>"; };
		204F3AE11FEB56CD004D392A /* MainInfo.plist */ = {isa = PBXFileReference; lastKnownFileType = text.plist.xml; path = MainInfo.plist; sourceTree = "<group>"; };
		204F3AE61FEB56CD004D392A /* iTestTests.xctest */ = {isa = PBXFileReference; explicitFileType = wrapper.cfbundle; includeInIndex = 0; path = iTestTests.xctest; sourceTree = BUILT_PRODUCTS_DIR; };
		204F3AEA1FEB56CD004D392A /* iTestTests.swift */ = {isa = PBXFileReference; lastKnownFileType = sourcecode.swift; path = iTestTests.swift; sourceTree = "<group>"; };
		204F3AEC1FEB56CD004D392A /* Info.plist */ = {isa = PBXFileReference; lastKnownFileType = text.plist.xml; path = Info.plist; sourceTree = "<group>"; };
		204F3AF11FEB56CD004D392A /* iTestUITests.xctest */ = {isa = PBXFileReference; explicitFileType = wrapper.cfbundle; includeInIndex = 0; path = iTestUITests.xctest; sourceTree = BUILT_PRODUCTS_DIR; };
		204F3AF51FEB56CD004D392A /* iTestUITests.swift */ = {isa = PBXFileReference; lastKnownFileType = sourcecode.swift; path = iTestUITests.swift; sourceTree = "<group>"; };
		204F3AF71FEB56CD004D392A /* Info.plist */ = {isa = PBXFileReference; lastKnownFileType = text.plist.xml; path = Info.plist; sourceTree = "<group>"; };
		204F3B371FEB5D5A004D392A /* BaseController.swift */ = {isa = PBXFileReference; lastKnownFileType = sourcecode.swift; path = BaseController.swift; sourceTree = "<group>"; };
		204F3B3B1FEB5E7B004D392A /* HomeViewController.swift */ = {isa = PBXFileReference; lastKnownFileType = sourcecode.swift; path = HomeViewController.swift; sourceTree = "<group>"; };
		204F3B4E1FEB6FE4004D392A /* DetailController.swift */ = {isa = PBXFileReference; lastKnownFileType = sourcecode.swift; path = DetailController.swift; sourceTree = "<group>"; };
		204F3B5D1FEB97FB004D392A /* Base */ = {isa = PBXFileReference; lastKnownFileType = text.plist.strings; name = Base; path = iTest/Base.lproj/Localizable.strings; sourceTree = "<group>"; };
		204F3B641FEB9C18004D392A /* vi */ = {isa = PBXFileReference; lastKnownFileType = text.plist.strings; name = vi; path = iTest/vi.lproj/Localizable.strings; sourceTree = "<group>"; };
		204F3B691FEB9DCE004D392A /* Base */ = {isa = PBXFileReference; lastKnownFileType = file.xib; name = Base; path = Base.lproj/HomeView.xib; sourceTree = "<group>"; };
		204F3B6A1FEB9E31004D392A /* vi */ = {isa = PBXFileReference; lastKnownFileType = text.plist.strings; name = vi; path = vi.lproj/HomeView.strings; sourceTree = "<group>"; };
		204F3B761FEBA20F004D392A /* Base */ = {isa = PBXFileReference; lastKnownFileType = file.xib; name = Base; path = Base.lproj/DetailView.xib; sourceTree = "<group>"; };
		204F3B771FEBA215004D392A /* vi */ = {isa = PBXFileReference; lastKnownFileType = text.plist.strings; name = vi; path = vi.lproj/DetailView.strings; sourceTree = "<group>"; };
		204F3B791FEBA304004D392A /* BaseConfig.h */ = {isa = PBXFileReference; explicitFileType = sourcecode.cpp.h; path = BaseConfig.h; sourceTree = "<group>"; };
		204F3B7A1FEBA84A004D392A /* DebugConfig.h */ = {isa = PBXFileReference; lastKnownFileType = sourcecode.c.h; path = DebugConfig.h; sourceTree = "<group>"; };
		205801A41FEBC04A00F2A761 /* DebugInfo.plist */ = {isa = PBXFileReference; lastKnownFileType = text.plist.xml; name = DebugInfo.plist; path = "/Users/co-well/Documents/iTest/Config/DebugInfo.plist"; sourceTree = "<absolute>"; };
		20BFC4021FECA14E009303AB /* Alamofire.framework */ = {isa = PBXFileReference; explicitFileType = wrapper.framework; path = Alamofire.framework; sourceTree = BUILT_PRODUCTS_DIR; };
		20BFC4041FECA158009303AB /* Alamofire.framework */ = {isa = PBXFileReference; explicitFileType = wrapper.framework; path = Alamofire.framework; sourceTree = BUILT_PRODUCTS_DIR; };
		20BFC4061FECB6B3009303AB /* NetworkHelper.swift */ = {isa = PBXFileReference; lastKnownFileType = sourcecode.swift; path = NetworkHelper.swift; sourceTree = "<group>"; };
		20BFC40E1FECE393009303AB /* BaseRequest.swift */ = {isa = PBXFileReference; lastKnownFileType = sourcecode.swift; path = BaseRequest.swift; sourceTree = "<group>"; };
		20BFC4111FECE42B009303AB /* BaseResponse.swift */ = {isa = PBXFileReference; lastKnownFileType = sourcecode.swift; path = BaseResponse.swift; sourceTree = "<group>"; };
		20BFC4141FECE7F3009303AB /* MovieResponse.swift */ = {isa = PBXFileReference; lastKnownFileType = sourcecode.swift; path = MovieResponse.swift; sourceTree = "<group>"; };
		20BFC4171FECE901009303AB /* Utils.swift */ = {isa = PBXFileReference; lastKnownFileType = sourcecode.swift; path = Utils.swift; sourceTree = "<group>"; };
		20BFC41B1FECF303009303AB /* Constant.swift */ = {isa = PBXFileReference; lastKnownFileType = sourcecode.swift; path = Constant.swift; sourceTree = "<group>"; };
		20BFC4201FECFF5C009303AB /* MovieInfoDAO.swift */ = {isa = PBXFileReference; lastKnownFileType = sourcecode.swift; path = MovieInfoDAO.swift; sourceTree = "<group>"; };
		20BFC4231FED0032009303AB /* BaseDAO.swift */ = {isa = PBXFileReference; lastKnownFileType = sourcecode.swift; path = BaseDAO.swift; sourceTree = "<group>"; };
		20D910361FEBC3B200D90EC6 /* iTestDebug.app */ = {isa = PBXFileReference; explicitFileType = wrapper.application; includeInIndex = 0; path = iTestDebug.app; sourceTree = BUILT_PRODUCTS_DIR; };
		2AAB41DBDE39697FCBD0861E /* Pods_iTest.framework */ = {isa = PBXFileReference; explicitFileType = wrapper.framework; includeInIndex = 0; path = Pods_iTest.framework; sourceTree = BUILT_PRODUCTS_DIR; };
		78281F916EF8258D37A4F2E7 /* Pods-iTestDebug.debug.xcconfig */ = {isa = PBXFileReference; includeInIndex = 1; lastKnownFileType = text.xcconfig; name = "Pods-iTestDebug.debug.xcconfig"; path = "Pods/Target Support Files/Pods-iTestDebug/Pods-iTestDebug.debug.xcconfig"; sourceTree = "<group>"; };
		BFC7A913AF8E71D970ABE921 /* Pods-iTestDebug.release.xcconfig */ = {isa = PBXFileReference; includeInIndex = 1; lastKnownFileType = text.xcconfig; name = "Pods-iTestDebug.release.xcconfig"; path = "Pods/Target Support Files/Pods-iTestDebug/Pods-iTestDebug.release.xcconfig"; sourceTree = "<group>"; };
		F913E69ED0C1AE50D6A6EBA6 /* Pods-iTest.debug.xcconfig */ = {isa = PBXFileReference; includeInIndex = 1; lastKnownFileType = text.xcconfig; name = "Pods-iTest.debug.xcconfig"; path = "Pods/Target Support Files/Pods-iTest/Pods-iTest.debug.xcconfig"; sourceTree = "<group>"; };
/* End PBXFileReference section */

/* Begin PBXFrameworksBuildPhase section */
		204F3ACF1FEB56CD004D392A /* Frameworks */ = {
			isa = PBXFrameworksBuildPhase;
			buildActionMask = 2147483647;
			files = (
				20BFC4011FECA14E009303AB /* Alamofire.framework in Frameworks */,
				E1503C5D5CEDDCB0975283B7 /* Pods_iTest.framework in Frameworks */,
			);
			runOnlyForDeploymentPostprocessing = 0;
		};
		204F3AE31FEB56CD004D392A /* Frameworks */ = {
			isa = PBXFrameworksBuildPhase;
			buildActionMask = 2147483647;
			files = (
			);
			runOnlyForDeploymentPostprocessing = 0;
		};
		204F3AEE1FEB56CD004D392A /* Frameworks */ = {
			isa = PBXFrameworksBuildPhase;
			buildActionMask = 2147483647;
			files = (
			);
			runOnlyForDeploymentPostprocessing = 0;
		};
		20D9102C1FEBC3B200D90EC6 /* Frameworks */ = {
			isa = PBXFrameworksBuildPhase;
			buildActionMask = 2147483647;
			files = (
				20BFC4031FECA158009303AB /* Alamofire.framework in Frameworks */,
				DE08CAAEE68A4712290FBCC2 /* Pods_iTestDebug.framework in Frameworks */,
			);
			runOnlyForDeploymentPostprocessing = 0;
		};
/* End PBXFrameworksBuildPhase section */

/* Begin PBXGroup section */
		204F3AC91FEB56CD004D392A = {
			isa = PBXGroup;
			children = (
				204F3B781FEBA2D3004D392A /* Config */,
				204F3B5C1FEB97FB004D392A /* Localizable.strings */,
				204F3AD41FEB56CD004D392A /* iTest */,
				204F3AE91FEB56CD004D392A /* iTestTests */,
				204F3AF41FEB56CD004D392A /* iTestUITests */,
				204F3AD31FEB56CD004D392A /* Products */,
				4F0111DD0AD0430C106EE859 /* Pods */,
				D98DA50D1B4AAB28667A360F /* Frameworks */,
			);
			sourceTree = "<group>";
		};
		204F3AD31FEB56CD004D392A /* Products */ = {
			isa = PBXGroup;
			children = (
				204F3AD21FEB56CD004D392A /* iTest.app */,
				204F3AE61FEB56CD004D392A /* iTestTests.xctest */,
				204F3AF11FEB56CD004D392A /* iTestUITests.xctest */,
				20D910361FEBC3B200D90EC6 /* iTestDebug.app */,
			);
			name = Products;
			sourceTree = "<group>";
		};
		204F3AD41FEB56CD004D392A /* iTest */ = {
			isa = PBXGroup;
			children = (
				20BFC41A1FECF2F7009303AB /* Common */,
				20BFC4091FECC21A009303AB /* data */,
				20BFC4051FECB5A9009303AB /* Helper */,
				204F3B4B1FEB6F97004D392A /* Detail */,
				204F3B361FEB5D38004D392A /* Base */,
				204F3B351FEB5D03004D392A /* Home */,
				204F3AD51FEB56CD004D392A /* AppDelegate.swift */,
				204F3ADC1FEB56CD004D392A /* Assets.xcassets */,
			);
			path = iTest;
			sourceTree = "<group>";
		};
		204F3AE91FEB56CD004D392A /* iTestTests */ = {
			isa = PBXGroup;
			children = (
				204F3AEA1FEB56CD004D392A /* iTestTests.swift */,
				204F3AEC1FEB56CD004D392A /* Info.plist */,
			);
			path = iTestTests;
			sourceTree = "<group>";
		};
		204F3AF41FEB56CD004D392A /* iTestUITests */ = {
			isa = PBXGroup;
			children = (
				204F3AF51FEB56CD004D392A /* iTestUITests.swift */,
				204F3AF71FEB56CD004D392A /* Info.plist */,
			);
			path = iTestUITests;
			sourceTree = "<group>";
		};
		204F3B351FEB5D03004D392A /* Home */ = {
			isa = PBXGroup;
			children = (
				204F3B3A1FEB5E4A004D392A /* Controller */,
				204F3B391FEB5E36004D392A /* View */,
			);
			name = Home;
			sourceTree = "<group>";
		};
		204F3B361FEB5D38004D392A /* Base */ = {
			isa = PBXGroup;
			children = (
				204F3B371FEB5D5A004D392A /* BaseController.swift */,
			);
			path = Base;
			sourceTree = "<group>";
		};
		204F3B391FEB5E36004D392A /* View */ = {
			isa = PBXGroup;
			children = (
				204F3B681FEB9DB6004D392A /* HomeView.xib */,
			);
			name = View;
			sourceTree = "<group>";
		};
		204F3B3A1FEB5E4A004D392A /* Controller */ = {
			isa = PBXGroup;
			children = (
				204F3B3B1FEB5E7B004D392A /* HomeViewController.swift */,
			);
			path = Controller;
			sourceTree = "<group>";
		};
		204F3B4B1FEB6F97004D392A /* Detail */ = {
			isa = PBXGroup;
			children = (
				204F3B4D1FEB6FC0004D392A /* View */,
				204F3B4C1FEB6FB2004D392A /* Controller */,
			);
			path = Detail;
			sourceTree = "<group>";
		};
		204F3B4C1FEB6FB2004D392A /* Controller */ = {
			isa = PBXGroup;
			children = (
				204F3B4E1FEB6FE4004D392A /* DetailController.swift */,
			);
			path = Controller;
			sourceTree = "<group>";
		};
		204F3B4D1FEB6FC0004D392A /* View */ = {
			isa = PBXGroup;
			children = (
				204F3B751FEBA20C004D392A /* DetailView.xib */,
			);
			path = View;
			sourceTree = "<group>";
		};
		204F3B781FEBA2D3004D392A /* Config */ = {
			isa = PBXGroup;
			children = (
				205801A41FEBC04A00F2A761 /* DebugInfo.plist */,
				204F3AE11FEB56CD004D392A /* MainInfo.plist */,
				204F3B791FEBA304004D392A /* BaseConfig.h */,
				204F3B7A1FEBA84A004D392A /* DebugConfig.h */,
			);
			path = Config;
			sourceTree = "<group>";
		};
		20BFC4051FECB5A9009303AB /* Helper */ = {
			isa = PBXGroup;
			children = (
				20BFC4061FECB6B3009303AB /* NetworkHelper.swift */,
				20BFC4171FECE901009303AB /* Utils.swift */,
			);
			path = Helper;
			sourceTree = "<group>";
		};
		20BFC4091FECC21A009303AB /* data */ = {
			isa = PBXGroup;
			children = (
				20BFC41E1FECFED2009303AB /* dao */,
				20BFC40A1FECC224009303AB /* api */,
			);
			path = data;
			sourceTree = "<group>";
		};
		20BFC40A1FECC224009303AB /* api */ = {
			isa = PBXGroup;
			children = (
				20BFC40D1FECE382009303AB /* response */,
				20BFC40C1FECE376009303AB /* request */,
			);
			path = api;
			sourceTree = "<group>";
		};
		20BFC40C1FECE376009303AB /* request */ = {
			isa = PBXGroup;
			children = (
				20BFC40E1FECE393009303AB /* BaseRequest.swift */,
			);
			path = request;
			sourceTree = "<group>";
		};
		20BFC40D1FECE382009303AB /* response */ = {
			isa = PBXGroup;
			children = (
				20BFC4111FECE42B009303AB /* BaseResponse.swift */,
				20BFC4141FECE7F3009303AB /* MovieResponse.swift */,
			);
			path = response;
			sourceTree = "<group>";
		};
		20BFC41A1FECF2F7009303AB /* Common */ = {
			isa = PBXGroup;
			children = (
				20BFC41B1FECF303009303AB /* Constant.swift */,
			);
			path = Common;
			sourceTree = "<group>";
		};
		20BFC41E1FECFED2009303AB /* dao */ = {
			isa = PBXGroup;
			children = (
				20BFC4201FECFF5C009303AB /* MovieInfoDAO.swift */,
				20BFC4231FED0032009303AB /* BaseDAO.swift */,
			);
			path = dao;
			sourceTree = "<group>";
		};
		4F0111DD0AD0430C106EE859 /* Pods */ = {
			isa = PBXGroup;
			children = (
				F913E69ED0C1AE50D6A6EBA6 /* Pods-iTest.debug.xcconfig */,
				0C38EC41E8AEFE1CC9322E67 /* Pods-iTest.release.xcconfig */,
				78281F916EF8258D37A4F2E7 /* Pods-iTestDebug.debug.xcconfig */,
				BFC7A913AF8E71D970ABE921 /* Pods-iTestDebug.release.xcconfig */,
			);
			name = Pods;
			sourceTree = "<group>";
		};
		D98DA50D1B4AAB28667A360F /* Frameworks */ = {
			isa = PBXGroup;
			children = (
				20BFC4041FECA158009303AB /* Alamofire.framework */,
				20BFC4021FECA14E009303AB /* Alamofire.framework */,
				2AAB41DBDE39697FCBD0861E /* Pods_iTest.framework */,
				130E564EE5595366264453F0 /* Pods_iTestDebug.framework */,
			);
			name = Frameworks;
			sourceTree = "<group>";
		};
/* End PBXGroup section */

/* Begin PBXNativeTarget section */
		204F3AD11FEB56CD004D392A /* iTest */ = {
			isa = PBXNativeTarget;
			buildConfigurationList = 204F3AFA1FEB56CD004D392A /* Build configuration list for PBXNativeTarget "iTest" */;
			buildPhases = (
				156CF595F023066109D7356F /* [CP] Check Pods Manifest.lock */,
				204F3ACE1FEB56CD004D392A /* Sources */,
				204F3ACF1FEB56CD004D392A /* Frameworks */,
				204F3AD01FEB56CD004D392A /* Resources */,
				3FB26026F767D6F57E77A37E /* [CP] Embed Pods Frameworks */,
				094A13E890038A016715FBBD /* [CP] Copy Pods Resources */,
			);
			buildRules = (
			);
			dependencies = (
			);
			name = iTest;
			productName = iTest;
			productReference = 204F3AD21FEB56CD004D392A /* iTest.app */;
			productType = "com.apple.product-type.application";
		};
		204F3AE51FEB56CD004D392A /* iTestTests */ = {
			isa = PBXNativeTarget;
			buildConfigurationList = 204F3AFD1FEB56CD004D392A /* Build configuration list for PBXNativeTarget "iTestTests" */;
			buildPhases = (
				204F3AE21FEB56CD004D392A /* Sources */,
				204F3AE31FEB56CD004D392A /* Frameworks */,
				204F3AE41FEB56CD004D392A /* Resources */,
			);
			buildRules = (
			);
			dependencies = (
				204F3AE81FEB56CD004D392A /* PBXTargetDependency */,
			);
			name = iTestTests;
			productName = iTestTests;
			productReference = 204F3AE61FEB56CD004D392A /* iTestTests.xctest */;
			productType = "com.apple.product-type.bundle.unit-test";
		};
		204F3AF01FEB56CD004D392A /* iTestUITests */ = {
			isa = PBXNativeTarget;
			buildConfigurationList = 204F3B001FEB56CD004D392A /* Build configuration list for PBXNativeTarget "iTestUITests" */;
			buildPhases = (
				204F3AED1FEB56CD004D392A /* Sources */,
				204F3AEE1FEB56CD004D392A /* Frameworks */,
				204F3AEF1FEB56CD004D392A /* Resources */,
			);
			buildRules = (
			);
			dependencies = (
				204F3AF31FEB56CD004D392A /* PBXTargetDependency */,
			);
			name = iTestUITests;
			productName = iTestUITests;
			productReference = 204F3AF11FEB56CD004D392A /* iTestUITests.xctest */;
			productType = "com.apple.product-type.bundle.ui-testing";
		};
		20D910261FEBC3B200D90EC6 /* iTestDebug */ = {
			isa = PBXNativeTarget;
			buildConfigurationList = 20D910331FEBC3B200D90EC6 /* Build configuration list for PBXNativeTarget "iTestDebug" */;
			buildPhases = (
				75AA2CAD6EB85076F804832F /* [CP] Check Pods Manifest.lock */,
				20D910271FEBC3B200D90EC6 /* Sources */,
				20D9102C1FEBC3B200D90EC6 /* Frameworks */,
				20D9102D1FEBC3B200D90EC6 /* Resources */,
				F2B8CE578921F5CDF4C1F6F1 /* [CP] Embed Pods Frameworks */,
				BE888307A712D454371EF120 /* [CP] Copy Pods Resources */,
			);
			buildRules = (
			);
			dependencies = (
			);
			name = iTestDebug;
			productName = iTest;
			productReference = 20D910361FEBC3B200D90EC6 /* iTestDebug.app */;
			productType = "com.apple.product-type.application";
		};
/* End PBXNativeTarget section */

/* Begin PBXProject section */
		204F3ACA1FEB56CD004D392A /* Project object */ = {
			isa = PBXProject;
			attributes = {
				LastSwiftUpdateCheck = 0920;
				LastUpgradeCheck = 0920;
				ORGANIZATIONNAME = "CO-WELL";
				TargetAttributes = {
					204F3AD11FEB56CD004D392A = {
						CreatedOnToolsVersion = 9.2;
						ProvisioningStyle = Automatic;
					};
					204F3AE51FEB56CD004D392A = {
						CreatedOnToolsVersion = 9.2;
						ProvisioningStyle = Automatic;
						TestTargetID = 204F3AD11FEB56CD004D392A;
					};
					204F3AF01FEB56CD004D392A = {
						CreatedOnToolsVersion = 9.2;
						ProvisioningStyle = Automatic;
						TestTargetID = 204F3AD11FEB56CD004D392A;
					};
					20D910261FEBC3B200D90EC6 = {
						ProvisioningStyle = Automatic;
					};
				};
			};
			buildConfigurationList = 204F3ACD1FEB56CD004D392A /* Build configuration list for PBXProject "iTest" */;
			compatibilityVersion = "Xcode 8.0";
			developmentRegion = en;
			hasScannedForEncodings = 0;
			knownRegions = (
				en,
				Base,
				vi,
			);
			mainGroup = 204F3AC91FEB56CD004D392A;
			productRefGroup = 204F3AD31FEB56CD004D392A /* Products */;
			projectDirPath = "";
			projectRoot = "";
			targets = (
				204F3AD11FEB56CD004D392A /* iTest */,
				204F3AE51FEB56CD004D392A /* iTestTests */,
				204F3AF01FEB56CD004D392A /* iTestUITests */,
				20D910261FEBC3B200D90EC6 /* iTestDebug */,
			);
		};
/* End PBXProject section */

/* Begin PBXResourcesBuildPhase section */
		204F3AD01FEB56CD004D392A /* Resources */ = {
			isa = PBXResourcesBuildPhase;
			buildActionMask = 2147483647;
			files = (
				204F3B5E1FEB97FB004D392A /* Localizable.strings in Resources */,
				204F3B721FEBA20C004D392A /* DetailView.xib in Resources */,
				204F3ADD1FEB56CD004D392A /* Assets.xcassets in Resources */,
				204F3B7D1FEBB38D004D392A /* MainInfo.plist in Resources */,
				204F3B651FEB9DB6004D392A /* HomeView.xib in Resources */,
			);
			runOnlyForDeploymentPostprocessing = 0;
		};
		204F3AE41FEB56CD004D392A /* Resources */ = {
			isa = PBXResourcesBuildPhase;
			buildActionMask = 2147483647;
			files = (
			);
			runOnlyForDeploymentPostprocessing = 0;
		};
		204F3AEF1FEB56CD004D392A /* Resources */ = {
			isa = PBXResourcesBuildPhase;
			buildActionMask = 2147483647;
			files = (
			);
			runOnlyForDeploymentPostprocessing = 0;
		};
		20D9102D1FEBC3B200D90EC6 /* Resources */ = {
			isa = PBXResourcesBuildPhase;
			buildActionMask = 2147483647;
			files = (
				20D9102E1FEBC3B200D90EC6 /* Localizable.strings in Resources */,
				20D9102F1FEBC3B200D90EC6 /* DetailView.xib in Resources */,
				20D910301FEBC3B200D90EC6 /* Assets.xcassets in Resources */,
				20D910311FEBC3B200D90EC6 /* MainInfo.plist in Resources */,
				20D910321FEBC3B200D90EC6 /* HomeView.xib in Resources */,
			);
			runOnlyForDeploymentPostprocessing = 0;
		};
/* End PBXResourcesBuildPhase section */

/* Begin PBXShellScriptBuildPhase section */
		094A13E890038A016715FBBD /* [CP] Copy Pods Resources */ = {
			isa = PBXShellScriptBuildPhase;
			buildActionMask = 2147483647;
			files = (
			);
			inputPaths = (
			);
			name = "[CP] Copy Pods Resources";
			outputPaths = (
			);
			runOnlyForDeploymentPostprocessing = 0;
			shellPath = /bin/sh;
			shellScript = "\"${SRCROOT}/Pods/Target Support Files/Pods-iTest/Pods-iTest-resources.sh\"\n";
			showEnvVarsInLog = 0;
		};
		156CF595F023066109D7356F /* [CP] Check Pods Manifest.lock */ = {
			isa = PBXShellScriptBuildPhase;
			buildActionMask = 2147483647;
			files = (
			);
			inputPaths = (
				"${PODS_PODFILE_DIR_PATH}/Podfile.lock",
				"${PODS_ROOT}/Manifest.lock",
			);
			name = "[CP] Check Pods Manifest.lock";
			outputPaths = (
				"$(DERIVED_FILE_DIR)/Pods-iTest-checkManifestLockResult.txt",
			);
			runOnlyForDeploymentPostprocessing = 0;
			shellPath = /bin/sh;
			shellScript = "diff \"${PODS_PODFILE_DIR_PATH}/Podfile.lock\" \"${PODS_ROOT}/Manifest.lock\" > /dev/null\nif [ $? != 0 ] ; then\n    # print error to STDERR\n    echo \"error: The sandbox is not in sync with the Podfile.lock. Run 'pod install' or update your CocoaPods installation.\" >&2\n    exit 1\nfi\n# This output is used by Xcode 'outputs' to avoid re-running this script phase.\necho \"SUCCESS\" > \"${SCRIPT_OUTPUT_FILE_0}\"\n";
			showEnvVarsInLog = 0;
		};
		3FB26026F767D6F57E77A37E /* [CP] Embed Pods Frameworks */ = {
			isa = PBXShellScriptBuildPhase;
			buildActionMask = 2147483647;
			files = (
			);
			inputPaths = (
				"${SRCROOT}/Pods/Target Support Files/Pods-iTest/Pods-iTest-frameworks.sh",
				"${BUILT_PRODUCTS_DIR}/Alamofire/Alamofire.framework",
			);
			name = "[CP] Embed Pods Frameworks";
			outputPaths = (
				"${TARGET_BUILD_DIR}/${FRAMEWORKS_FOLDER_PATH}/Alamofire.framework",
			);
			runOnlyForDeploymentPostprocessing = 0;
			shellPath = /bin/sh;
			shellScript = "\"${SRCROOT}/Pods/Target Support Files/Pods-iTest/Pods-iTest-frameworks.sh\"\n";
			showEnvVarsInLog = 0;
		};
		75AA2CAD6EB85076F804832F /* [CP] Check Pods Manifest.lock */ = {
			isa = PBXShellScriptBuildPhase;
			buildActionMask = 2147483647;
			files = (
			);
			inputPaths = (
				"${PODS_PODFILE_DIR_PATH}/Podfile.lock",
				"${PODS_ROOT}/Manifest.lock",
			);
			name = "[CP] Check Pods Manifest.lock";
			outputPaths = (
				"$(DERIVED_FILE_DIR)/Pods-iTestDebug-checkManifestLockResult.txt",
			);
			runOnlyForDeploymentPostprocessing = 0;
			shellPath = /bin/sh;
			shellScript = "diff \"${PODS_PODFILE_DIR_PATH}/Podfile.lock\" \"${PODS_ROOT}/Manifest.lock\" > /dev/null\nif [ $? != 0 ] ; then\n    # print error to STDERR\n    echo \"error: The sandbox is not in sync with the Podfile.lock. Run 'pod install' or update your CocoaPods installation.\" >&2\n    exit 1\nfi\n# This output is used by Xcode 'outputs' to avoid re-running this script phase.\necho \"SUCCESS\" > \"${SCRIPT_OUTPUT_FILE_0}\"\n";
			showEnvVarsInLog = 0;
		};
		BE888307A712D454371EF120 /* [CP] Copy Pods Resources */ = {
			isa = PBXShellScriptBuildPhase;
			buildActionMask = 2147483647;
			files = (
			);
			inputPaths = (
			);
			name = "[CP] Copy Pods Resources";
			outputPaths = (
			);
			runOnlyForDeploymentPostprocessing = 0;
			shellPath = /bin/sh;
			shellScript = "\"${SRCROOT}/Pods/Target Support Files/Pods-iTestDebug/Pods-iTestDebug-resources.sh\"\n";
			showEnvVarsInLog = 0;
		};
		F2B8CE578921F5CDF4C1F6F1 /* [CP] Embed Pods Frameworks */ = {
			isa = PBXShellScriptBuildPhase;
			buildActionMask = 2147483647;
			files = (
			);
			inputPaths = (
			);
			name = "[CP] Embed Pods Frameworks";
			outputPaths = (
			);
			runOnlyForDeploymentPostprocessing = 0;
			shellPath = /bin/sh;
			shellScript = "\"${SRCROOT}/Pods/Target Support Files/Pods-iTestDebug/Pods-iTestDebug-frameworks.sh\"\n";
			showEnvVarsInLog = 0;
		};
/* End PBXShellScriptBuildPhase section */

/* Begin PBXSourcesBuildPhase section */
		204F3ACE1FEB56CD004D392A /* Sources */ = {
			isa = PBXSourcesBuildPhase;
			buildActionMask = 2147483647;
			files = (
				204F3B4F1FEB6FE4004D392A /* DetailController.swift in Sources */,
				204F3B381FEB5D5A004D392A /* BaseController.swift in Sources */,
				20BFC4181FECE901009303AB /* Utils.swift in Sources */,
				20BFC40F1FECE393009303AB /* BaseRequest.swift in Sources */,
				20BFC4071FECB6B3009303AB /* NetworkHelper.swift in Sources */,
				20BFC4121FECE42B009303AB /* BaseResponse.swift in Sources */,
				20BFC4151FECE7F3009303AB /* MovieResponse.swift in Sources */,
				20BFC41C1FECF303009303AB /* Constant.swift in Sources */,
				204F3AD61FEB56CD004D392A /* AppDelegate.swift in Sources */,
				20BFC4211FECFF5C009303AB /* MovieInfoDAO.swift in Sources */,
				204F3B3C1FEB5E7B004D392A /* HomeViewController.swift in Sources */,
				20BFC4241FED0032009303AB /* BaseDAO.swift in Sources */,
			);
			runOnlyForDeploymentPostprocessing = 0;
		};
		204F3AE21FEB56CD004D392A /* Sources */ = {
			isa = PBXSourcesBuildPhase;
			buildActionMask = 2147483647;
			files = (
				204F3AEB1FEB56CD004D392A /* iTestTests.swift in Sources */,
			);
			runOnlyForDeploymentPostprocessing = 0;
		};
		204F3AED1FEB56CD004D392A /* Sources */ = {
			isa = PBXSourcesBuildPhase;
			buildActionMask = 2147483647;
			files = (
				204F3AF61FEB56CD004D392A /* iTestUITests.swift in Sources */,
			);
			runOnlyForDeploymentPostprocessing = 0;
		};
		20D910271FEBC3B200D90EC6 /* Sources */ = {
			isa = PBXSourcesBuildPhase;
			buildActionMask = 2147483647;
			files = (
				20D910281FEBC3B200D90EC6 /* DetailController.swift in Sources */,
				20D910291FEBC3B200D90EC6 /* BaseController.swift in Sources */,
				20BFC4191FECE901009303AB /* Utils.swift in Sources */,
				20BFC4101FECE393009303AB /* BaseRequest.swift in Sources */,
				20BFC4081FECB6B3009303AB /* NetworkHelper.swift in Sources */,
				20BFC4131FECE42B009303AB /* BaseResponse.swift in Sources */,
				20BFC4161FECE7F3009303AB /* MovieResponse.swift in Sources */,
				20BFC41D1FECF303009303AB /* Constant.swift in Sources */,
				20D9102A1FEBC3B200D90EC6 /* AppDelegate.swift in Sources */,
				20BFC4221FECFF5C009303AB /* MovieInfoDAO.swift in Sources */,
				20D9102B1FEBC3B200D90EC6 /* HomeViewController.swift in Sources */,
				20BFC4251FED0032009303AB /* BaseDAO.swift in Sources */,
			);
			runOnlyForDeploymentPostprocessing = 0;
		};
/* End PBXSourcesBuildPhase section */

/* Begin PBXTargetDependency section */
		204F3AE81FEB56CD004D392A /* PBXTargetDependency */ = {
			isa = PBXTargetDependency;
			target = 204F3AD11FEB56CD004D392A /* iTest */;
			targetProxy = 204F3AE71FEB56CD004D392A /* PBXContainerItemProxy */;
		};
		204F3AF31FEB56CD004D392A /* PBXTargetDependency */ = {
			isa = PBXTargetDependency;
			target = 204F3AD11FEB56CD004D392A /* iTest */;
			targetProxy = 204F3AF21FEB56CD004D392A /* PBXContainerItemProxy */;
		};
/* End PBXTargetDependency section */

/* Begin PBXVariantGroup section */
		204F3B5C1FEB97FB004D392A /* Localizable.strings */ = {
			isa = PBXVariantGroup;
			children = (
				204F3B5D1FEB97FB004D392A /* Base */,
				204F3B641FEB9C18004D392A /* vi */,
			);
			name = Localizable.strings;
			sourceTree = "<group>";
		};
		204F3B681FEB9DB6004D392A /* HomeView.xib */ = {
			isa = PBXVariantGroup;
			children = (
				204F3B691FEB9DCE004D392A /* Base */,
				204F3B6A1FEB9E31004D392A /* vi */,
			);
			name = HomeView.xib;
			sourceTree = "<group>";
		};
		204F3B751FEBA20C004D392A /* DetailView.xib */ = {
			isa = PBXVariantGroup;
			children = (
				204F3B761FEBA20F004D392A /* Base */,
				204F3B771FEBA215004D392A /* vi */,
			);
			name = DetailView.xib;
			sourceTree = "<group>";
		};
/* End PBXVariantGroup section */

/* Begin XCBuildConfiguration section */
		204F3AF81FEB56CD004D392A /* Debug */ = {
			isa = XCBuildConfiguration;
			buildSettings = {
				ALWAYS_SEARCH_USER_PATHS = NO;
				CLANG_ANALYZER_LOCALIZABILITY_NONLOCALIZED = YES;
				CLANG_ANALYZER_NONNULL = YES;
				CLANG_ANALYZER_NUMBER_OBJECT_CONVERSION = YES_AGGRESSIVE;
				CLANG_CXX_LANGUAGE_STANDARD = "gnu++14";
				CLANG_CXX_LIBRARY = "libc++";
				CLANG_ENABLE_MODULES = YES;
				CLANG_ENABLE_OBJC_ARC = YES;
				CLANG_WARN_BLOCK_CAPTURE_AUTORELEASING = YES;
				CLANG_WARN_BOOL_CONVERSION = YES;
				CLANG_WARN_COMMA = YES;
				CLANG_WARN_CONSTANT_CONVERSION = YES;
				CLANG_WARN_DIRECT_OBJC_ISA_USAGE = YES_ERROR;
				CLANG_WARN_DOCUMENTATION_COMMENTS = YES;
				CLANG_WARN_EMPTY_BODY = YES;
				CLANG_WARN_ENUM_CONVERSION = YES;
				CLANG_WARN_INFINITE_RECURSION = YES;
				CLANG_WARN_INT_CONVERSION = YES;
				CLANG_WARN_NON_LITERAL_NULL_CONVERSION = YES;
				CLANG_WARN_OBJC_LITERAL_CONVERSION = YES;
				CLANG_WARN_OBJC_ROOT_CLASS = YES_ERROR;
				CLANG_WARN_RANGE_LOOP_ANALYSIS = YES;
				CLANG_WARN_STRICT_PROTOTYPES = YES;
				CLANG_WARN_SUSPICIOUS_MOVE = YES;
				CLANG_WARN_UNGUARDED_AVAILABILITY = YES_AGGRESSIVE;
				CLANG_WARN_UNREACHABLE_CODE = YES;
				CLANG_WARN__DUPLICATE_METHOD_MATCH = YES;
				CODE_SIGN_IDENTITY = "iPhone Developer";
				COPY_PHASE_STRIP = NO;
				DEBUG_INFORMATION_FORMAT = dwarf;
				ENABLE_STRICT_OBJC_MSGSEND = YES;
				ENABLE_TESTABILITY = YES;
				GCC_C_LANGUAGE_STANDARD = gnu11;
				GCC_DYNAMIC_NO_PIC = NO;
				GCC_NO_COMMON_BLOCKS = YES;
				GCC_OPTIMIZATION_LEVEL = 0;
				GCC_PREPROCESSOR_DEFINITIONS = (
					"DEBUG=1",
					"$(inherited)",
				);
				GCC_WARN_64_TO_32_BIT_CONVERSION = YES;
				GCC_WARN_ABOUT_RETURN_TYPE = YES_ERROR;
				GCC_WARN_UNDECLARED_SELECTOR = YES;
				GCC_WARN_UNINITIALIZED_AUTOS = YES_AGGRESSIVE;
				GCC_WARN_UNUSED_FUNCTION = YES;
				GCC_WARN_UNUSED_VARIABLE = YES;
				IPHONEOS_DEPLOYMENT_TARGET = 11.2;
				MTL_ENABLE_DEBUG_INFO = YES;
				ONLY_ACTIVE_ARCH = YES;
				SDKROOT = iphoneos;
				SWIFT_ACTIVE_COMPILATION_CONDITIONS = DEBUG;
				SWIFT_OPTIMIZATION_LEVEL = "-Onone";
			};
			name = Debug;
		};
		204F3AF91FEB56CD004D392A /* Release */ = {
			isa = XCBuildConfiguration;
			buildSettings = {
				ALWAYS_SEARCH_USER_PATHS = NO;
				CLANG_ANALYZER_LOCALIZABILITY_NONLOCALIZED = YES;
				CLANG_ANALYZER_NONNULL = YES;
				CLANG_ANALYZER_NUMBER_OBJECT_CONVERSION = YES_AGGRESSIVE;
				CLANG_CXX_LANGUAGE_STANDARD = "gnu++14";
				CLANG_CXX_LIBRARY = "libc++";
				CLANG_ENABLE_MODULES = YES;
				CLANG_ENABLE_OBJC_ARC = YES;
				CLANG_WARN_BLOCK_CAPTURE_AUTORELEASING = YES;
				CLANG_WARN_BOOL_CONVERSION = YES;
				CLANG_WARN_COMMA = YES;
				CLANG_WARN_CONSTANT_CONVERSION = YES;
				CLANG_WARN_DIRECT_OBJC_ISA_USAGE = YES_ERROR;
				CLANG_WARN_DOCUMENTATION_COMMENTS = YES;
				CLANG_WARN_EMPTY_BODY = YES;
				CLANG_WARN_ENUM_CONVERSION = YES;
				CLANG_WARN_INFINITE_RECURSION = YES;
				CLANG_WARN_INT_CONVERSION = YES;
				CLANG_WARN_NON_LITERAL_NULL_CONVERSION = YES;
				CLANG_WARN_OBJC_LITERAL_CONVERSION = YES;
				CLANG_WARN_OBJC_ROOT_CLASS = YES_ERROR;
				CLANG_WARN_RANGE_LOOP_ANALYSIS = YES;
				CLANG_WARN_STRICT_PROTOTYPES = YES;
				CLANG_WARN_SUSPICIOUS_MOVE = YES;
				CLANG_WARN_UNGUARDED_AVAILABILITY = YES_AGGRESSIVE;
				CLANG_WARN_UNREACHABLE_CODE = YES;
				CLANG_WARN__DUPLICATE_METHOD_MATCH = YES;
				CODE_SIGN_IDENTITY = "iPhone Developer";
				COPY_PHASE_STRIP = NO;
				DEBUG_INFORMATION_FORMAT = "dwarf-with-dsym";
				ENABLE_NS_ASSERTIONS = NO;
				ENABLE_STRICT_OBJC_MSGSEND = YES;
				GCC_C_LANGUAGE_STANDARD = gnu11;
				GCC_NO_COMMON_BLOCKS = YES;
				GCC_WARN_64_TO_32_BIT_CONVERSION = YES;
				GCC_WARN_ABOUT_RETURN_TYPE = YES_ERROR;
				GCC_WARN_UNDECLARED_SELECTOR = YES;
				GCC_WARN_UNINITIALIZED_AUTOS = YES_AGGRESSIVE;
				GCC_WARN_UNUSED_FUNCTION = YES;
				GCC_WARN_UNUSED_VARIABLE = YES;
				IPHONEOS_DEPLOYMENT_TARGET = 11.2;
				MTL_ENABLE_DEBUG_INFO = NO;
				SDKROOT = iphoneos;
				SWIFT_OPTIMIZATION_LEVEL = "-Owholemodule";
				VALIDATE_PRODUCT = YES;
			};
			name = Release;
		};
		204F3AFB1FEB56CD004D392A /* Debug */ = {
			isa = XCBuildConfiguration;
			baseConfigurationReference = F913E69ED0C1AE50D6A6EBA6 /* Pods-iTest.debug.xcconfig */;
			buildSettings = {
				ASSETCATALOG_COMPILER_APPICON_NAME = AppIcon;
				CODE_SIGN_STYLE = Automatic;
				INFOPLIST_FILE = "$(SRCROOT)/Config/MainInfo.plist";
				LD_RUNPATH_SEARCH_PATHS = "$(inherited) @executable_path/Frameworks";
				PRODUCT_BUNDLE_IDENTIFIER = QNam.iTest;
				PRODUCT_NAME = "$(TARGET_NAME)";
				SWIFT_OBJC_BRIDGING_HEADER = "$(SRCROOT)/Config/BaseConfig.h";
				SWIFT_VERSION = 4.0;
				TARGETED_DEVICE_FAMILY = "1,2";
			};
			name = Debug;
		};
		204F3AFC1FEB56CD004D392A /* Release */ = {
			isa = XCBuildConfiguration;
			baseConfigurationReference = 0C38EC41E8AEFE1CC9322E67 /* Pods-iTest.release.xcconfig */;
			buildSettings = {
				ASSETCATALOG_COMPILER_APPICON_NAME = AppIcon;
				CODE_SIGN_STYLE = Automatic;
				INFOPLIST_FILE = "$(SRCROOT)/Config/MainInfo.plist";
				LD_RUNPATH_SEARCH_PATHS = "$(inherited) @executable_path/Frameworks";
				PRODUCT_BUNDLE_IDENTIFIER = QNam.iTest;
				PRODUCT_NAME = "$(TARGET_NAME)";
				SWIFT_OBJC_BRIDGING_HEADER = "$(SRCROOT)/Config/BaseConfig.h";
				SWIFT_VERSION = 4.0;
				TARGETED_DEVICE_FAMILY = "1,2";
			};
			name = Release;
		};
		204F3AFE1FEB56CD004D392A /* Debug */ = {
			isa = XCBuildConfiguration;
			buildSettings = {
				ALWAYS_EMBED_SWIFT_STANDARD_LIBRARIES = YES;
				BUNDLE_LOADER = "$(TEST_HOST)";
				CODE_SIGN_STYLE = Automatic;
				INFOPLIST_FILE = iTestTests/Info.plist;
				LD_RUNPATH_SEARCH_PATHS = "$(inherited) @executable_path/Frameworks @loader_path/Frameworks";
				PRODUCT_BUNDLE_IDENTIFIER = QNam.iTestTests;
				PRODUCT_NAME = "$(TARGET_NAME)";
				SWIFT_VERSION = 4.0;
				TARGETED_DEVICE_FAMILY = "1,2";
				TEST_HOST = "$(BUILT_PRODUCTS_DIR)/iTest.app/iTest";
			};
			name = Debug;
		};
		204F3AFF1FEB56CD004D392A /* Release */ = {
			isa = XCBuildConfiguration;
			buildSettings = {
				ALWAYS_EMBED_SWIFT_STANDARD_LIBRARIES = YES;
				BUNDLE_LOADER = "$(TEST_HOST)";
				CODE_SIGN_STYLE = Automatic;
				INFOPLIST_FILE = iTestTests/Info.plist;
				LD_RUNPATH_SEARCH_PATHS = "$(inherited) @executable_path/Frameworks @loader_path/Frameworks";
				PRODUCT_BUNDLE_IDENTIFIER = QNam.iTestTests;
				PRODUCT_NAME = "$(TARGET_NAME)";
				SWIFT_VERSION = 4.0;
				TARGETED_DEVICE_FAMILY = "1,2";
				TEST_HOST = "$(BUILT_PRODUCTS_DIR)/iTest.app/iTest";
			};
			name = Release;
		};
		204F3B011FEB56CD004D392A /* Debug */ = {
			isa = XCBuildConfiguration;
			buildSettings = {
				ALWAYS_EMBED_SWIFT_STANDARD_LIBRARIES = YES;
				CODE_SIGN_STYLE = Automatic;
				INFOPLIST_FILE = iTestUITests/Info.plist;
				LD_RUNPATH_SEARCH_PATHS = "$(inherited) @executable_path/Frameworks @loader_path/Frameworks";
				PRODUCT_BUNDLE_IDENTIFIER = QNam.iTestUITests;
				PRODUCT_NAME = "$(TARGET_NAME)";
				SWIFT_VERSION = 4.0;
				TARGETED_DEVICE_FAMILY = "1,2";
				TEST_TARGET_NAME = iTest;
			};
			name = Debug;
		};
		204F3B021FEB56CD004D392A /* Release */ = {
			isa = XCBuildConfiguration;
			buildSettings = {
				ALWAYS_EMBED_SWIFT_STANDARD_LIBRARIES = YES;
				CODE_SIGN_STYLE = Automatic;
				INFOPLIST_FILE = iTestUITests/Info.plist;
				LD_RUNPATH_SEARCH_PATHS = "$(inherited) @executable_path/Frameworks @loader_path/Frameworks";
				PRODUCT_BUNDLE_IDENTIFIER = QNam.iTestUITests;
				PRODUCT_NAME = "$(TARGET_NAME)";
				SWIFT_VERSION = 4.0;
				TARGETED_DEVICE_FAMILY = "1,2";
				TEST_TARGET_NAME = iTest;
			};
			name = Release;
		};
		20D910341FEBC3B200D90EC6 /* Debug */ = {
			isa = XCBuildConfiguration;
			baseConfigurationReference = 78281F916EF8258D37A4F2E7 /* Pods-iTestDebug.debug.xcconfig */;
			buildSettings = {
				ASSETCATALOG_COMPILER_APPICON_NAME = AppIcon;
				CODE_SIGN_STYLE = Automatic;
				INFOPLIST_FILE = "$(SRCROOT)/Config/DebugInfo.plist";
				LD_RUNPATH_SEARCH_PATHS = "$(inherited) @executable_path/Frameworks";
				PRODUCT_BUNDLE_IDENTIFIER = QNam.iTest;
				PRODUCT_NAME = "$(TARGET_NAME)";
				SWIFT_OBJC_BRIDGING_HEADER = "$(SRCROOT)/Config/DebugConfig.h";
				SWIFT_VERSION = 4.0;
				TARGETED_DEVICE_FAMILY = "1,2";
			};
			name = Debug;
		};
		20D910351FEBC3B200D90EC6 /* Release */ = {
			isa = XCBuildConfiguration;
			baseConfigurationReference = BFC7A913AF8E71D970ABE921 /* Pods-iTestDebug.release.xcconfig */;
			buildSettings = {
				ASSETCATALOG_COMPILER_APPICON_NAME = AppIcon;
				CODE_SIGN_STYLE = Automatic;
				INFOPLIST_FILE = "$(SRCROOT)/Config/DebugInfo.plist";
				LD_RUNPATH_SEARCH_PATHS = "$(inherited) @executable_path/Frameworks";
				PRODUCT_BUNDLE_IDENTIFIER = QNam.iTest;
				PRODUCT_NAME = "$(TARGET_NAME)";
				SWIFT_OBJC_BRIDGING_HEADER = "$(SRCROOT)/Config/DebugConfig.h";
				SWIFT_VERSION = 4.0;
				TARGETED_DEVICE_FAMILY = "1,2";
			};
			name = Release;
		};
/* End XCBuildConfiguration section */

/* Begin XCConfigurationList section */
		204F3ACD1FEB56CD004D392A /* Build configuration list for PBXProject "iTest" */ = {
			isa = XCConfigurationList;
			buildConfigurations = (
				204F3AF81FEB56CD004D392A /* Debug */,
				204F3AF91FEB56CD004D392A /* Release */,
			);
			defaultConfigurationIsVisible = 0;
			defaultConfigurationName = Release;
		};
		204F3AFA1FEB56CD004D392A /* Build configuration list for PBXNativeTarget "iTest" */ = {
			isa = XCConfigurationList;
			buildConfigurations = (
				204F3AFB1FEB56CD004D392A /* Debug */,
				204F3AFC1FEB56CD004D392A /* Release */,
			);
			defaultConfigurationIsVisible = 0;
			defaultConfigurationName = Release;
		};
		204F3AFD1FEB56CD004D392A /* Build configuration list for PBXNativeTarget "iTestTests" */ = {
			isa = XCConfigurationList;
			buildConfigurations = (
				204F3AFE1FEB56CD004D392A /* Debug */,
				204F3AFF1FEB56CD004D392A /* Release */,
			);
			defaultConfigurationIsVisible = 0;
			defaultConfigurationName = Release;
		};
		204F3B001FEB56CD004D392A /* Build configuration list for PBXNativeTarget "iTestUITests" */ = {
			isa = XCConfigurationList;
			buildConfigurations = (
				204F3B011FEB56CD004D392A /* Debug */,
				204F3B021FEB56CD004D392A /* Release */,
			);
			defaultConfigurationIsVisible = 0;
			defaultConfigurationName = Release;
		};
		20D910331FEBC3B200D90EC6 /* Build configuration list for PBXNativeTarget "iTestDebug" */ = {
			isa = XCConfigurationList;
			buildConfigurations = (
				20D910341FEBC3B200D90EC6 /* Debug */,
				20D910351FEBC3B200D90EC6 /* Release */,
			);
			defaultConfigurationIsVisible = 0;
			defaultConfigurationName = Release;
		};
/* End XCConfigurationList section */
	};
	rootObject = 204F3ACA1FEB56CD004D392A /* Project object */;
}
